
Microsoft Visual Studio Solution File, Format Version 12.00
# Visual Studio Version 17
VisualStudioVersion = 17.7.34024.191
MinimumVisualStudioVersion = 10.0.40219.1
Project("{9A19103F-16F7-4668-BE54-9A1E7A4F7556}") = "ConsoleApp4", "ConsoleApp4\ConsoleApp4.csproj", "{69C03C9A-B428-4873-9A14-FC230EB2BA88}"
EndProject
Project("{FAE04EC0-301F-11D3-BF4B-00C04F79EFBC}") = "ConsoleApp1", "ConsoleApp1\ConsoleApp1.csproj", "{A20AE2B9-FCC9-465B-A8EE-076521C70328}"
EndProject
Global
	GlobalSection(SolutionConfigurationPlatforms) = preSolution
		Debug|Any CPU = Debug|Any CPU
		Release|Any CPU = Release|Any CPU
	EndGlobalSection
	GlobalSection(ProjectConfigurationPlatforms) = postSolution
		{69C03C9A-B428-4873-9A14-FC230EB2BA88}.Debug|Any CPU.ActiveCfg = Debug|Any CPU
		{69C03C9A-B428-4873-9A14-FC230EB2BA88}.Debug|Any CPU.Build.0 = Debug|Any CPU
		{69C03C9A-B428-4873-9A14-FC230EB2BA88}.Release|Any CPU.ActiveCfg = Release|Any CPU
		{69C03C9A-B428-4873-9A14-FC230EB2BA88}.Release|Any CPU.Build.0 = Release|Any CPU
		{A20AE2B9-FCC9-465B-A8EE-076521C70328}.Debug|Any CPU.ActiveCfg = Debug|Any CPU
		{A20AE2B9-FCC9-465B-A8EE-076521C70328}.Debug|Any CPU.Build.0 = Debug|Any CPU
		{A20AE2B9-FCC9-465B-A8EE-076521C70328}.Release|Any CPU.ActiveCfg = Release|Any CPU
		{A20AE2B9-FCC9-465B-A8EE-076521C70328}.Release|Any CPU.Build.0 = Release|Any CPU
	EndGlobalSection
	GlobalSection(SolutionProperties) = preSolution
		HideSolutionNode = FALSE
	EndGlobalSection
	GlobalSection(ExtensibilityGlobals) = postSolution
		SolutionGuid = {F4C3FB3C-89DD-44A3-91B2-ADB5468AE156}
	EndGlobalSection
EndGlobal
